
Microsoft Visual Studio Solution File, Format Version 12.00
# Visual Studio Version 17
VisualStudioVersion = 17.1.32421.90
MinimumVisualStudioVersion = 10.0.40219.1
Project("{FAE04EC0-301F-11D3-BF4B-00C04F79EFBC}") = "FizzBuzz", "FizzBuzz\FizzBuzz.csproj", "{3ABC56E5-533A-4555-866F-72813D353395}"
EndProject
Global
	GlobalSection(SolutionConfigurationPlatforms) = preSolution
		Debug|Any CPU = Debug|Any CPU
		Release|Any CPU = Release|Any CPU
	EndGlobalSection
	GlobalSection(ProjectConfigurationPlatforms) = postSolution
		{3ABC56E5-533A-4555-866F-72813D353395}.Debug|Any CPU.ActiveCfg = Debug|Any CPU
		{3ABC56E5-533A-4555-866F-72813D353395}.Debug|Any CPU.Build.0 = Debug|Any CPU
		{3ABC56E5-533A-4555-866F-72813D353395}.Release|Any CPU.ActiveCfg = Release|Any CPU
		{3ABC56E5-533A-4555-866F-72813D353395}.Release|Any CPU.Build.0 = Release|Any CPU
	EndGlobalSection
	GlobalSection(SolutionProperties) = preSolution
		HideSolutionNode = FALSE
	EndGlobalSection
	GlobalSection(ExtensibilityGlobals) = postSolution
		SolutionGuid = {3735E864-94AA-4D9D-883E-C9DC474F95B1}
	EndGlobalSection
EndGlobal
