
Microsoft Visual Studio Solution File, Format Version 12.00
# Visual Studio Version 16
VisualStudioVersion = 16.0.31727.386
MinimumVisualStudioVersion = 10.0.40219.1
Project("{FAE04EC0-301F-11D3-BF4B-00C04F79EFBC}") = "XML H3SCHOOL C", "XML H3SCHOOL C\XML H3SCHOOL C.csproj", "{7D2B023B-1327-44F7-B706-A286B0AEA167}"
EndProject
Global
	GlobalSection(SolutionConfigurationPlatforms) = preSolution
		Debug|Any CPU = Debug|Any CPU
		Release|Any CPU = Release|Any CPU
	EndGlobalSection
	GlobalSection(ProjectConfigurationPlatforms) = postSolution
		{7D2B023B-1327-44F7-B706-A286B0AEA167}.Debug|Any CPU.ActiveCfg = Debug|Any CPU
		{7D2B023B-1327-44F7-B706-A286B0AEA167}.Debug|Any CPU.Build.0 = Debug|Any CPU
		{7D2B023B-1327-44F7-B706-A286B0AEA167}.Release|Any CPU.ActiveCfg = Release|Any CPU
		{7D2B023B-1327-44F7-B706-A286B0AEA167}.Release|Any CPU.Build.0 = Release|Any CPU
	EndGlobalSection
	GlobalSection(SolutionProperties) = preSolution
		HideSolutionNode = FALSE
	EndGlobalSection
	GlobalSection(ExtensibilityGlobals) = postSolution
		SolutionGuid = {A64AB602-8716-453F-A88D-8E21CB9DA817}
	EndGlobalSection
EndGlobal
