
Microsoft Visual Studio Solution File, Format Version 12.00
# Visual Studio Version 16
VisualStudioVersion = 16.0.30503.244
MinimumVisualStudioVersion = 10.0.40219.1
Project("{FAE04EC0-301F-11D3-BF4B-00C04F79EFBC}") = "StructureVehicles", "StructureVehicles\StructureVehicles.csproj", "{AB21D284-247E-43D2-AC52-DF88D8DDFD45}"
EndProject
Global
	GlobalSection(SolutionConfigurationPlatforms) = preSolution
		Debug|Any CPU = Debug|Any CPU
		Release|Any CPU = Release|Any CPU
	EndGlobalSection
	GlobalSection(ProjectConfigurationPlatforms) = postSolution
		{AB21D284-247E-43D2-AC52-DF88D8DDFD45}.Debug|Any CPU.ActiveCfg = Debug|Any CPU
		{AB21D284-247E-43D2-AC52-DF88D8DDFD45}.Debug|Any CPU.Build.0 = Debug|Any CPU
		{AB21D284-247E-43D2-AC52-DF88D8DDFD45}.Release|Any CPU.ActiveCfg = Release|Any CPU
		{AB21D284-247E-43D2-AC52-DF88D8DDFD45}.Release|Any CPU.Build.0 = Release|Any CPU
	EndGlobalSection
	GlobalSection(SolutionProperties) = preSolution
		HideSolutionNode = FALSE
	EndGlobalSection
	GlobalSection(ExtensibilityGlobals) = postSolution
		SolutionGuid = {2B9FB048-385F-4FC5-8C3B-3926A8950A72}
	EndGlobalSection
EndGlobal
