
Microsoft Visual Studio Solution File, Format Version 12.00
# Visual Studio Version 16
VisualStudioVersion = 16.0.30503.244
MinimumVisualStudioVersion = 10.0.40219.1
Project("{FAE04EC0-301F-11D3-BF4B-00C04F79EFBC}") = "GuessANumber", "GuessANumber\GuessANumber.csproj", "{35192581-EBB4-4EC8-A338-E09D869BDF98}"
EndProject
Global
	GlobalSection(SolutionConfigurationPlatforms) = preSolution
		Debug|Any CPU = Debug|Any CPU
		Release|Any CPU = Release|Any CPU
	EndGlobalSection
	GlobalSection(ProjectConfigurationPlatforms) = postSolution
		{35192581-EBB4-4EC8-A338-E09D869BDF98}.Debug|Any CPU.ActiveCfg = Debug|Any CPU
		{35192581-EBB4-4EC8-A338-E09D869BDF98}.Debug|Any CPU.Build.0 = Debug|Any CPU
		{35192581-EBB4-4EC8-A338-E09D869BDF98}.Release|Any CPU.ActiveCfg = Release|Any CPU
		{35192581-EBB4-4EC8-A338-E09D869BDF98}.Release|Any CPU.Build.0 = Release|Any CPU
	EndGlobalSection
	GlobalSection(SolutionProperties) = preSolution
		HideSolutionNode = FALSE
	EndGlobalSection
	GlobalSection(ExtensibilityGlobals) = postSolution
		SolutionGuid = {346EB2D7-6F4F-43AE-85BC-5F6660D2F0EF}
	EndGlobalSection
EndGlobal
